PODS:
  - BaseCoreData (0.1.0):
    - CwlCatchException
  - CwlCatchException (2.1.2):
    - CwlCatchExceptionSupport (~> 2.1.2)
  - CwlCatchExceptionSupport (2.1.2)

DEPENDENCIES:
  - BaseCoreData (from `../`)

SPEC REPOS:
  trunk:
    - CwlCatchException
    - CwlCatchExceptionSupport

EXTERNAL SOURCES:
  BaseCoreData:
    :path: "../"

SPEC CHECKSUMS:
  BaseCoreData: b479eca3fa6bcaae46fdc1acd1e75457d3d56c5e
  CwlCatchException: 76542d5ea479c79ce16ddd6e7bc9d42c7ec63300
  CwlCatchExceptionSupport: 42bf8c5e4e5e663f51100ddfa68caf7cfcf64ab6

PODFILE CHECKSUM: b298a4584638fb3adcc0a05fb973a1c9e33275f8

COCOAPODS: 1.13.0
